
Microsoft Visual Studio Solution File, Format Version 9.00
# Visual Studio 2005
Project("{FAE04EC0-301F-11D3-BF4B-00C04F79EFBC}") = "Backtest Double Heikin Ashi", "Backtest Double Heikin Ashi\Backtest Double Heikin Ashi.csproj", "{B76BA86D-028E-41CD-A641-59B231F17EAC}"
EndProject
Global
	GlobalSection(SolutionConfigurationPlatforms) = preSolution
		Debug|Any CPU = Debug|Any CPU
		Release|Any CPU = Release|Any CPU
	EndGlobalSection
	GlobalSection(ProjectConfigurationPlatforms) = postSolution
		{B76BA86D-028E-41CD-A641-59B231F17EAC}.Debug|Any CPU.ActiveCfg = Debug|Any CPU
		{B76BA86D-028E-41CD-A641-59B231F17EAC}.Debug|Any CPU.Build.0 = Debug|Any CPU
		{B76BA86D-028E-41CD-A641-59B231F17EAC}.Release|Any CPU.ActiveCfg = Release|Any CPU
		{B76BA86D-028E-41CD-A641-59B231F17EAC}.Release|Any CPU.Build.0 = Release|Any CPU
	EndGlobalSection
	GlobalSection(SolutionProperties) = preSolution
		HideSolutionNode = FALSE
	EndGlobalSection
EndGlobal
